
Microsoft Visual Studio Solution File, Format Version 12.00
# Visual Studio Version 16
VisualStudioVersion = 16.0.29009.5
MinimumVisualStudioVersion = 10.0.40219.1
Project("{FAE04EC0-301F-11D3-BF4B-00C04F79EFBC}") = "AbstractFactoryPattern", "AbstractFactoryPattern\AbstractFactoryPattern.csproj", "{0317A3F5-F732-4F95-8E9A-2595C845333C}"
EndProject
Global
	GlobalSection(SolutionConfigurationPlatforms) = preSolution
		Debug|Any CPU = Debug|Any CPU
		Release|Any CPU = Release|Any CPU
	EndGlobalSection
	GlobalSection(ProjectConfigurationPlatforms) = postSolution
		{0317A3F5-F732-4F95-8E9A-2595C845333C}.Debug|Any CPU.ActiveCfg = Debug|Any CPU
		{0317A3F5-F732-4F95-8E9A-2595C845333C}.Debug|Any CPU.Build.0 = Debug|Any CPU
		{0317A3F5-F732-4F95-8E9A-2595C845333C}.Release|Any CPU.ActiveCfg = Release|Any CPU
		{0317A3F5-F732-4F95-8E9A-2595C845333C}.Release|Any CPU.Build.0 = Release|Any CPU
	EndGlobalSection
	GlobalSection(SolutionProperties) = preSolution
		HideSolutionNode = FALSE
	EndGlobalSection
	GlobalSection(ExtensibilityGlobals) = postSolution
		SolutionGuid = {09D10D70-AF88-4DF6-ACD1-621E9D96AD3F}
	EndGlobalSection
EndGlobal
